// !$*UTF8*$!
{
	archiveVersion = 1;
	classes = {
	};
	objectVersion = 51;
	objects = {

/* Begin PBXBuildFile section */
		18100B1D2451D3E800776781 /* VideoCollectionViewCell.swift in Sources */ = {isa = PBXBuildFile; fileRef = 18100B1B2451D3E800776781 /* VideoCollectionViewCell.swift */; };
		18100B1E2451D3E800776781 /* VideoCollectionViewCell.xib in Resources */ = {isa = PBXBuildFile; fileRef = 18100B1C2451D3E800776781 /* VideoCollectionViewCell.xib */; };
		181444A824387473008061ED /* MovieDetails.swift in Sources */ = {isa = PBXBuildFile; fileRef = 181444A724387473008061ED /* MovieDetails.swift */; };
		181444AA24387575008061ED /* MovieDetailViewController.swift in Sources */ = {isa = PBXBuildFile; fileRef = 181444A924387575008061ED /* MovieDetailViewController.swift */; };
		181E868924337D4100C1A52E /* MovieResults.swift in Sources */ = {isa = PBXBuildFile; fileRef = 181E868824337D4100C1A52E /* MovieResults.swift */; };
		18262D442432E68E0027C31D /* AppDelegate.swift in Sources */ = {isa = PBXBuildFile; fileRef = 18262D432432E68E0027C31D /* AppDelegate.swift */; };
		18262D462432E68E0027C31D /* SceneDelegate.swift in Sources */ = {isa = PBXBuildFile; fileRef = 18262D452432E68E0027C31D /* SceneDelegate.swift */; };
		18262D482432E68E0027C31D /* FeedViewController.swift in Sources */ = {isa = PBXBuildFile; fileRef = 18262D472432E68E0027C31D /* FeedViewController.swift */; };
		18262D4B2432E68E0027C31D /* Main.storyboard in Resources */ = {isa = PBXBuildFile; fileRef = 18262D492432E68E0027C31D /* Main.storyboard */; };
		18262D4D2432E68F0027C31D /* Assets.xcassets in Resources */ = {isa = PBXBuildFile; fileRef = 18262D4C2432E68F0027C31D /* Assets.xcassets */; };
		18262D502432E68F0027C31D /* LaunchScreen.storyboard in Resources */ = {isa = PBXBuildFile; fileRef = 18262D4E2432E68F0027C31D /* LaunchScreen.storyboard */; };
		18262D592432EE9C0027C31D /* BannerCell.swift in Sources */ = {isa = PBXBuildFile; fileRef = 18262D572432EE9C0027C31D /* BannerCell.swift */; };
		18262D5A2432EE9C0027C31D /* BannerCell.xib in Resources */ = {isa = PBXBuildFile; fileRef = 18262D582432EE9C0027C31D /* BannerCell.xib */; };
		18262D5D2432EEB30027C31D /* MovieCell.swift in Sources */ = {isa = PBXBuildFile; fileRef = 18262D5B2432EEB30027C31D /* MovieCell.swift */; };
		18262D5E2432EEB30027C31D /* MovieCell.xib in Resources */ = {isa = PBXBuildFile; fileRef = 18262D5C2432EEB30027C31D /* MovieCell.xib */; };
		18262D602432F1950027C31D /* BannerFlowLayout.swift in Sources */ = {isa = PBXBuildFile; fileRef = 18262D5F2432F1950027C31D /* BannerFlowLayout.swift */; };
		1864BBD6243771DF000A3C5D /* Networking.swift in Sources */ = {isa = PBXBuildFile; fileRef = 1864BBD5243771DF000A3C5D /* Networking.swift */; };
		1864BBD824377381000A3C5D /* MovieLoadingType.swift in Sources */ = {isa = PBXBuildFile; fileRef = 1864BBD724377381000A3C5D /* MovieLoadingType.swift */; };
		1864BBDA2437751A000A3C5D /* Constants.swift in Sources */ = {isa = PBXBuildFile; fileRef = 1864BBD92437751A000A3C5D /* Constants.swift */; };
		188BB3822453EE34000E1350 /* FavouriteViewController.swift in Sources */ = {isa = PBXBuildFile; fileRef = 188BB3812453EE34000E1350 /* FavouriteViewController.swift */; };
		18A0781B2438B469007A107F /* MovieLayout.swift in Sources */ = {isa = PBXBuildFile; fileRef = 18A0781A2438B469007A107F /* MovieLayout.swift */; };
		18A0781D2438C9D6007A107F /* SearchViewController.swift in Sources */ = {isa = PBXBuildFile; fileRef = 18A0781C2438C9D6007A107F /* SearchViewController.swift */; };
		18A078242438CCBA007A107F /* SearchTableViewCell.swift in Sources */ = {isa = PBXBuildFile; fileRef = 18A078222438CCB9007A107F /* SearchTableViewCell.swift */; };
		18A078252438CCBA007A107F /* SearchTableViewCell.xib in Resources */ = {isa = PBXBuildFile; fileRef = 18A078232438CCB9007A107F /* SearchTableViewCell.xib */; };
		18C75B68245532B800381257 /* MovieModel.swift in Sources */ = {isa = PBXBuildFile; fileRef = 18C75B67245532B800381257 /* MovieModel.swift */; };
		18C75B6B2455369600381257 /* DetailMovieModel.swift in Sources */ = {isa = PBXBuildFile; fileRef = 18C75B6A2455369600381257 /* DetailMovieModel.swift */; };
		18C75B6D245536CE00381257 /* StorageService.swift in Sources */ = {isa = PBXBuildFile; fileRef = 18C75B6C245536CE00381257 /* StorageService.swift */; };
		18C75B6F2455370600381257 /* MoviesStorageService.swift in Sources */ = {isa = PBXBuildFile; fileRef = 18C75B6E2455370600381257 /* MoviesStorageService.swift */; };
		18EDFEE12452C30F000683C7 /* Video.swift in Sources */ = {isa = PBXBuildFile; fileRef = 18EDFEE02452C30F000683C7 /* Video.swift */; };
		18EDFEE32452C478000683C7 /* LinkExtractor.swift in Sources */ = {isa = PBXBuildFile; fileRef = 18EDFEE22452C478000683C7 /* LinkExtractor.swift */; };
		18EDFEE62452D3C4000683C7 /* CastCollectionViewCell.swift in Sources */ = {isa = PBXBuildFile; fileRef = 18EDFEE42452D3C4000683C7 /* CastCollectionViewCell.swift */; };
		18EDFEE72452D3C4000683C7 /* CastCollectionViewCell.xib in Resources */ = {isa = PBXBuildFile; fileRef = 18EDFEE52452D3C4000683C7 /* CastCollectionViewCell.xib */; };
		18EE08592434C65E008007AA /* Extension.swift in Sources */ = {isa = PBXBuildFile; fileRef = 18EE08582434C65E008007AA /* Extension.swift */; };
		799245EF263BF16400F4CC9C /* RootRouter.swift in Sources */ = {isa = PBXBuildFile; fileRef = 799245EE263BF16400F4CC9C /* RootRouter.swift */; };
		799245F2263BF17700F4CC9C /* RootInteractor.swift in Sources */ = {isa = PBXBuildFile; fileRef = 799245F1263BF17700F4CC9C /* RootInteractor.swift */; };
		799245F5263BF18400F4CC9C /* RootBuilder.swift in Sources */ = {isa = PBXBuildFile; fileRef = 799245F4263BF18400F4CC9C /* RootBuilder.swift */; };
		799245F8263BF19300F4CC9C /* RootViewController.swift in Sources */ = {isa = PBXBuildFile; fileRef = 799245F7263BF19300F4CC9C /* RootViewController.swift */; };
		F1D5DCEC0FA35F0B18FA7670 /* Pods_MovieHolic.framework in Frameworks */ = {isa = PBXBuildFile; fileRef = 535278306BC0A1D5A178D078 /* Pods_MovieHolic.framework */; };
/* End PBXBuildFile section */

/* Begin PBXFileReference section */
		18100B1B2451D3E800776781 /* VideoCollectionViewCell.swift */ = {isa = PBXFileReference; lastKnownFileType = sourcecode.swift; path = VideoCollectionViewCell.swift; sourceTree = "<group>"; };
		18100B1C2451D3E800776781 /* VideoCollectionViewCell.xib */ = {isa = PBXFileReference; lastKnownFileType = file.xib; path = VideoCollectionViewCell.xib; sourceTree = "<group>"; };
		181444A724387473008061ED /* MovieDetails.swift */ = {isa = PBXFileReference; lastKnownFileType = sourcecode.swift; path = MovieDetails.swift; sourceTree = "<group>"; };
		181444A924387575008061ED /* MovieDetailViewController.swift */ = {isa = PBXFileReference; lastKnownFileType = sourcecode.swift; path = MovieDetailViewController.swift; sourceTree = "<group>"; };
		181E868824337D4100C1A52E /* MovieResults.swift */ = {isa = PBXFileReference; lastKnownFileType = sourcecode.swift; path = MovieResults.swift; sourceTree = "<group>"; };
		18262D402432E68E0027C31D /* MovieHolic.app */ = {isa = PBXFileReference; explicitFileType = wrapper.application; includeInIndex = 0; path = MovieHolic.app; sourceTree = BUILT_PRODUCTS_DIR; };
		18262D432432E68E0027C31D /* AppDelegate.swift */ = {isa = PBXFileReference; lastKnownFileType = sourcecode.swift; path = AppDelegate.swift; sourceTree = "<group>"; };
		18262D452432E68E0027C31D /* SceneDelegate.swift */ = {isa = PBXFileReference; lastKnownFileType = sourcecode.swift; path = SceneDelegate.swift; sourceTree = "<group>"; };
		18262D472432E68E0027C31D /* FeedViewController.swift */ = {isa = PBXFileReference; lastKnownFileType = sourcecode.swift; path = FeedViewController.swift; sourceTree = "<group>"; };
		18262D4A2432E68E0027C31D /* Base */ = {isa = PBXFileReference; lastKnownFileType = file.storyboard; name = Base; path = Base.lproj/Main.storyboard; sourceTree = "<group>"; };
		18262D4C2432E68F0027C31D /* Assets.xcassets */ = {isa = PBXFileReference; lastKnownFileType = folder.assetcatalog; path = Assets.xcassets; sourceTree = "<group>"; };
		18262D4F2432E68F0027C31D /* Base */ = {isa = PBXFileReference; lastKnownFileType = file.storyboard; name = Base; path = Base.lproj/LaunchScreen.storyboard; sourceTree = "<group>"; };
		18262D572432EE9C0027C31D /* BannerCell.swift */ = {isa = PBXFileReference; lastKnownFileType = sourcecode.swift; path = BannerCell.swift; sourceTree = "<group>"; };
		18262D582432EE9C0027C31D /* BannerCell.xib */ = {isa = PBXFileReference; lastKnownFileType = file.xib; path = BannerCell.xib; sourceTree = "<group>"; };
		18262D5B2432EEB30027C31D /* MovieCell.swift */ = {isa = PBXFileReference; lastKnownFileType = sourcecode.swift; path = MovieCell.swift; sourceTree = "<group>"; };
		18262D5C2432EEB30027C31D /* MovieCell.xib */ = {isa = PBXFileReference; lastKnownFileType = file.xib; path = MovieCell.xib; sourceTree = "<group>"; };
		18262D5F2432F1950027C31D /* BannerFlowLayout.swift */ = {isa = PBXFileReference; lastKnownFileType = sourcecode.swift; path = BannerFlowLayout.swift; sourceTree = "<group>"; };
		1864BBD5243771DF000A3C5D /* Networking.swift */ = {isa = PBXFileReference; lastKnownFileType = sourcecode.swift; path = Networking.swift; sourceTree = "<group>"; };
		1864BBD724377381000A3C5D /* MovieLoadingType.swift */ = {isa = PBXFileReference; lastKnownFileType = sourcecode.swift; path = MovieLoadingType.swift; sourceTree = "<group>"; };
		1864BBD92437751A000A3C5D /* Constants.swift */ = {isa = PBXFileReference; lastKnownFileType = sourcecode.swift; path = Constants.swift; sourceTree = "<group>"; };
		188BB3812453EE34000E1350 /* FavouriteViewController.swift */ = {isa = PBXFileReference; lastKnownFileType = sourcecode.swift; path = FavouriteViewController.swift; sourceTree = "<group>"; };
		18A0781A2438B469007A107F /* MovieLayout.swift */ = {isa = PBXFileReference; lastKnownFileType = sourcecode.swift; path = MovieLayout.swift; sourceTree = "<group>"; };
		18A0781C2438C9D6007A107F /* SearchViewController.swift */ = {isa = PBXFileReference; lastKnownFileType = sourcecode.swift; path = SearchViewController.swift; sourceTree = "<group>"; };
		18A078222438CCB9007A107F /* SearchTableViewCell.swift */ = {isa = PBXFileReference; lastKnownFileType = sourcecode.swift; path = SearchTableViewCell.swift; sourceTree = "<group>"; };
		18A078232438CCB9007A107F /* SearchTableViewCell.xib */ = {isa = PBXFileReference; lastKnownFileType = file.xib; path = SearchTableViewCell.xib; sourceTree = "<group>"; };
		18C75B67245532B800381257 /* MovieModel.swift */ = {isa = PBXFileReference; lastKnownFileType = sourcecode.swift; path = MovieModel.swift; sourceTree = "<group>"; };
		18C75B6A2455369600381257 /* DetailMovieModel.swift */ = {isa = PBXFileReference; lastKnownFileType = sourcecode.swift; path = DetailMovieModel.swift; sourceTree = "<group>"; };
		18C75B6C245536CE00381257 /* StorageService.swift */ = {isa = PBXFileReference; lastKnownFileType = sourcecode.swift; path = StorageService.swift; sourceTree = "<group>"; };
		18C75B6E2455370600381257 /* MoviesStorageService.swift */ = {isa = PBXFileReference; lastKnownFileType = sourcecode.swift; path = MoviesStorageService.swift; sourceTree = "<group>"; };
		18EDFEE02452C30F000683C7 /* Video.swift */ = {isa = PBXFileReference; lastKnownFileType = sourcecode.swift; path = Video.swift; sourceTree = "<group>"; };
		18EDFEE22452C478000683C7 /* LinkExtractor.swift */ = {isa = PBXFileReference; lastKnownFileType = sourcecode.swift; path = LinkExtractor.swift; sourceTree = "<group>"; };
		18EDFEE42452D3C4000683C7 /* CastCollectionViewCell.swift */ = {isa = PBXFileReference; lastKnownFileType = sourcecode.swift; path = CastCollectionViewCell.swift; sourceTree = "<group>"; };
		18EDFEE52452D3C4000683C7 /* CastCollectionViewCell.xib */ = {isa = PBXFileReference; lastKnownFileType = file.xib; path = CastCollectionViewCell.xib; sourceTree = "<group>"; };
		18EE08582434C65E008007AA /* Extension.swift */ = {isa = PBXFileReference; lastKnownFileType = sourcecode.swift; path = Extension.swift; sourceTree = "<group>"; };
		1F0C74CD804CE5746B2C0555 /* Pods-MovieHolic.debug.xcconfig */ = {isa = PBXFileReference; includeInIndex = 1; lastKnownFileType = text.xcconfig; name = "Pods-MovieHolic.debug.xcconfig"; path = "Target Support Files/Pods-MovieHolic/Pods-MovieHolic.debug.xcconfig"; sourceTree = "<group>"; };
		535278306BC0A1D5A178D078 /* Pods_MovieHolic.framework */ = {isa = PBXFileReference; explicitFileType = wrapper.framework; includeInIndex = 0; path = Pods_MovieHolic.framework; sourceTree = BUILT_PRODUCTS_DIR; };
		79924550263BDF1F00F4CC9C /* Info.plist */ = {isa = PBXFileReference; lastKnownFileType = text.plist; name = Info.plist; path = MovieHolic/Info.plist; sourceTree = SOURCE_ROOT; };
		799245EE263BF16400F4CC9C /* RootRouter.swift */ = {isa = PBXFileReference; lastKnownFileType = sourcecode.swift; path = RootRouter.swift; sourceTree = "<group>"; };
		799245F1263BF17700F4CC9C /* RootInteractor.swift */ = {isa = PBXFileReference; lastKnownFileType = sourcecode.swift; path = RootInteractor.swift; sourceTree = "<group>"; };
		799245F4263BF18400F4CC9C /* RootBuilder.swift */ = {isa = PBXFileReference; lastKnownFileType = sourcecode.swift; path = RootBuilder.swift; sourceTree = "<group>"; };
		799245F7263BF19300F4CC9C /* RootViewController.swift */ = {isa = PBXFileReference; lastKnownFileType = sourcecode.swift; path = RootViewController.swift; sourceTree = "<group>"; };
		7D07D7196BF6238A0DAA1F35 /* Pods-MovieHolic.release.xcconfig */ = {isa = PBXFileReference; includeInIndex = 1; lastKnownFileType = text.xcconfig; name = "Pods-MovieHolic.release.xcconfig"; path = "Target Support Files/Pods-MovieHolic/Pods-MovieHolic.release.xcconfig"; sourceTree = "<group>"; };
/* End PBXFileReference section */

/* Begin PBXFrameworksBuildPhase section */
		18262D3D2432E68E0027C31D /* Frameworks */ = {
			isa = PBXFrameworksBuildPhase;
			buildActionMask = 2147483647;
			files = (
				F1D5DCEC0FA35F0B18FA7670 /* Pods_MovieHolic.framework in Frameworks */,
			);
			runOnlyForDeploymentPostprocessing = 0;
		};
/* End PBXFrameworksBuildPhase section */

/* Begin PBXGroup section */
		02755C1A630DB0F068C61882 /* Frameworks */ = {
			isa = PBXGroup;
			children = (
				535278306BC0A1D5A178D078 /* Pods_MovieHolic.framework */,
			);
			name = Frameworks;
			sourceTree = "<group>";
		};
		18007F4F245685C800FBFE18 /* Utilities */ = {
			isa = PBXGroup;
			children = (
				1864BBD92437751A000A3C5D /* Constants.swift */,
				18EE08582434C65E008007AA /* Extension.swift */,
			);
			path = Utilities;
			sourceTree = "<group>";
		};
		18007F5024568C6A00FBFE18 /* Networking */ = {
			isa = PBXGroup;
			children = (
				1864BBD724377381000A3C5D /* MovieLoadingType.swift */,
				1864BBD5243771DF000A3C5D /* Networking.swift */,
				18EDFEE22452C478000683C7 /* LinkExtractor.swift */,
			);
			path = Networking;
			sourceTree = "<group>";
		};
		18262D372432E68E0027C31D = {
			isa = PBXGroup;
			children = (
				18262D422432E68E0027C31D /* MovieHolic */,
				18262D412432E68E0027C31D /* Products */,
				7BCD697CF8EA72106FB23D7B /* Pods */,
				02755C1A630DB0F068C61882 /* Frameworks */,
			);
			sourceTree = "<group>";
		};
		18262D412432E68E0027C31D /* Products */ = {
			isa = PBXGroup;
			children = (
				18262D402432E68E0027C31D /* MovieHolic.app */,
			);
			name = Products;
			sourceTree = "<group>";
		};
		18262D422432E68E0027C31D /* MovieHolic */ = {
			isa = PBXGroup;
			children = (
				799245EC263BF14A00F4CC9C /* App */,
				799245EB263BF11900F4CC9C /* Root */,
				18EE08552434C430008007AA /* Controllers */,
				18EE08502434C3C7008007AA /* Models */,
				18007F5024568C6A00FBFE18 /* Networking */,
				18C75B69245532C500381257 /* Realm */,
				18EE08532434C3FA008007AA /* Cells */,
				18EE08522434C3E9008007AA /* Layouts */,
				18EE08512434C3D3008007AA /* Views */,
				18007F4F245685C800FBFE18 /* Utilities */,
				18EE08542434C40A008007AA /* Supporting Files */,
			);
			path = MovieHolic;
			sourceTree = "<group>";
		};
		18C75B69245532C500381257 /* Realm */ = {
			isa = PBXGroup;
			children = (
				18C75B67245532B800381257 /* MovieModel.swift */,
				18C75B6A2455369600381257 /* DetailMovieModel.swift */,
				18C75B6C245536CE00381257 /* StorageService.swift */,
				18C75B6E2455370600381257 /* MoviesStorageService.swift */,
			);
			path = Realm;
			sourceTree = "<group>";
		};
		18EE08502434C3C7008007AA /* Models */ = {
			isa = PBXGroup;
			children = (
				181E868824337D4100C1A52E /* MovieResults.swift */,
				181444A724387473008061ED /* MovieDetails.swift */,
				18EDFEE02452C30F000683C7 /* Video.swift */,
			);
			path = Models;
			sourceTree = "<group>";
		};
		18EE08512434C3D3008007AA /* Views */ = {
			isa = PBXGroup;
			children = (
				18262D492432E68E0027C31D /* Main.storyboard */,
				18262D582432EE9C0027C31D /* BannerCell.xib */,
				18EDFEE52452D3C4000683C7 /* CastCollectionViewCell.xib */,
				18A078232438CCB9007A107F /* SearchTableViewCell.xib */,
				18100B1C2451D3E800776781 /* VideoCollectionViewCell.xib */,
				18262D5C2432EEB30027C31D /* MovieCell.xib */,
			);
			path = Views;
			sourceTree = "<group>";
		};
		18EE08522434C3E9008007AA /* Layouts */ = {
			isa = PBXGroup;
			children = (
				18262D5F2432F1950027C31D /* BannerFlowLayout.swift */,
				18A0781A2438B469007A107F /* MovieLayout.swift */,
			);
			path = Layouts;
			sourceTree = "<group>";
		};
		18EE08532434C3FA008007AA /* Cells */ = {
			isa = PBXGroup;
			children = (
				18262D572432EE9C0027C31D /* BannerCell.swift */,
				18262D5B2432EEB30027C31D /* MovieCell.swift */,
				18A078222438CCB9007A107F /* SearchTableViewCell.swift */,
				18100B1B2451D3E800776781 /* VideoCollectionViewCell.swift */,
				18EDFEE42452D3C4000683C7 /* CastCollectionViewCell.swift */,
			);
			path = Cells;
			sourceTree = "<group>";
		};
		18EE08542434C40A008007AA /* Supporting Files */ = {
			isa = PBXGroup;
			children = (
				18262D4E2432E68F0027C31D /* LaunchScreen.storyboard */,
				18262D4C2432E68F0027C31D /* Assets.xcassets */,
				79924550263BDF1F00F4CC9C /* Info.plist */,
			);
			path = "Supporting Files";
			sourceTree = "<group>";
		};
		18EE08552434C430008007AA /* Controllers */ = {
			isa = PBXGroup;
			children = (
				18262D472432E68E0027C31D /* FeedViewController.swift */,
				181444A924387575008061ED /* MovieDetailViewController.swift */,
				18A0781C2438C9D6007A107F /* SearchViewController.swift */,
				188BB3812453EE34000E1350 /* FavouriteViewController.swift */,
			);
			path = Controllers;
			sourceTree = "<group>";
		};
		799245EB263BF11900F4CC9C /* Root */ = {
			isa = PBXGroup;
			children = (
				799245EE263BF16400F4CC9C /* RootRouter.swift */,
				799245F1263BF17700F4CC9C /* RootInteractor.swift */,
				799245F4263BF18400F4CC9C /* RootBuilder.swift */,
				799245F7263BF19300F4CC9C /* RootViewController.swift */,
			);
			path = Root;
			sourceTree = "<group>";
		};
		799245EC263BF14A00F4CC9C /* App */ = {
			isa = PBXGroup;
			children = (
				18262D432432E68E0027C31D /* AppDelegate.swift */,
				18262D452432E68E0027C31D /* SceneDelegate.swift */,
			);
			path = App;
			sourceTree = "<group>";
		};
		7BCD697CF8EA72106FB23D7B /* Pods */ = {
			isa = PBXGroup;
			children = (
				1F0C74CD804CE5746B2C0555 /* Pods-MovieHolic.debug.xcconfig */,
				7D07D7196BF6238A0DAA1F35 /* Pods-MovieHolic.release.xcconfig */,
			);
			path = Pods;
			sourceTree = "<group>";
		};
/* End PBXGroup section */

/* Begin PBXNativeTarget section */
		18262D3F2432E68E0027C31D /* MovieHolic */ = {
			isa = PBXNativeTarget;
			buildConfigurationList = 18262D542432E68F0027C31D /* Build configuration list for PBXNativeTarget "MovieHolic" */;
			buildPhases = (
				E6B95E44EAC7D923CAAC857E /* [CP] Check Pods Manifest.lock */,
				18262D3C2432E68E0027C31D /* Sources */,
				18262D3D2432E68E0027C31D /* Frameworks */,
				18262D3E2432E68E0027C31D /* Resources */,
				C8F2596A33010ECECC529BA1 /* [CP] Embed Pods Frameworks */,
			);
			buildRules = (
			);
			dependencies = (
			);
			name = MovieHolic;
			productName = MovieHolic;
			productReference = 18262D402432E68E0027C31D /* MovieHolic.app */;
			productType = "com.apple.product-type.application";
		};
/* End PBXNativeTarget section */

/* Begin PBXProject section */
		18262D382432E68E0027C31D /* Project object */ = {
			isa = PBXProject;
			attributes = {
				LastSwiftUpdateCheck = 1120;
				LastUpgradeCheck = 1120;
				ORGANIZATIONNAME = "Minh Quang";
				TargetAttributes = {
					18262D3F2432E68E0027C31D = {
						CreatedOnToolsVersion = 11.2;
					};
				};
			};
			buildConfigurationList = 18262D3B2432E68E0027C31D /* Build configuration list for PBXProject "MovieHolic" */;
			compatibilityVersion = "Xcode 9.3";
			developmentRegion = en;
			hasScannedForEncodings = 0;
			knownRegions = (
				en,
				Base,
			);
			mainGroup = 18262D372432E68E0027C31D;
			productRefGroup = 18262D412432E68E0027C31D /* Products */;
			projectDirPath = "";
			projectRoot = "";
			targets = (
				18262D3F2432E68E0027C31D /* MovieHolic */,
			);
		};
/* End PBXProject section */

/* Begin PBXResourcesBuildPhase section */
		18262D3E2432E68E0027C31D /* Resources */ = {
			isa = PBXResourcesBuildPhase;
			buildActionMask = 2147483647;
			files = (
				18262D502432E68F0027C31D /* LaunchScreen.storyboard in Resources */,
				18262D5A2432EE9C0027C31D /* BannerCell.xib in Resources */,
				18100B1E2451D3E800776781 /* VideoCollectionViewCell.xib in Resources */,
				18262D4D2432E68F0027C31D /* Assets.xcassets in Resources */,
				18EDFEE72452D3C4000683C7 /* CastCollectionViewCell.xib in Resources */,
				18262D4B2432E68E0027C31D /* Main.storyboard in Resources */,
				18A078252438CCBA007A107F /* SearchTableViewCell.xib in Resources */,
				18262D5E2432EEB30027C31D /* MovieCell.xib in Resources */,
			);
			runOnlyForDeploymentPostprocessing = 0;
		};
/* End PBXResourcesBuildPhase section */

/* Begin PBXShellScriptBuildPhase section */
		C8F2596A33010ECECC529BA1 /* [CP] Embed Pods Frameworks */ = {
			isa = PBXShellScriptBuildPhase;
			buildActionMask = 2147483647;
			files = (
			);
			inputFileListPaths = (
				"${PODS_ROOT}/Target Support Files/Pods-MovieHolic/Pods-MovieHolic-frameworks-${CONFIGURATION}-input-files.xcfilelist",
			);
			name = "[CP] Embed Pods Frameworks";
			outputFileListPaths = (
				"${PODS_ROOT}/Target Support Files/Pods-MovieHolic/Pods-MovieHolic-frameworks-${CONFIGURATION}-output-files.xcfilelist",
			);
			runOnlyForDeploymentPostprocessing = 0;
			shellPath = /bin/sh;
			shellScript = "\"${PODS_ROOT}/Target Support Files/Pods-MovieHolic/Pods-MovieHolic-frameworks.sh\"\n";
			showEnvVarsInLog = 0;
		};
		E6B95E44EAC7D923CAAC857E /* [CP] Check Pods Manifest.lock */ = {
			isa = PBXShellScriptBuildPhase;
			buildActionMask = 2147483647;
			files = (
			);
			inputFileListPaths = (
			);
			inputPaths = (
				"${PODS_PODFILE_DIR_PATH}/Podfile.lock",
				"${PODS_ROOT}/Manifest.lock",
			);
			name = "[CP] Check Pods Manifest.lock";
			outputFileListPaths = (
			);
			outputPaths = (
				"$(DERIVED_FILE_DIR)/Pods-MovieHolic-checkManifestLockResult.txt",
			);
			runOnlyForDeploymentPostprocessing = 0;
			shellPath = /bin/sh;
			shellScript = "diff \"${PODS_PODFILE_DIR_PATH}/Podfile.lock\" \"${PODS_ROOT}/Manifest.lock\" > /dev/null\nif [ $? != 0 ] ; then\n    # print error to STDERR\n    echo \"error: The sandbox is not in sync with the Podfile.lock. Run 'pod install' or update your CocoaPods installation.\" >&2\n    exit 1\nfi\n# This output is used by Xcode 'outputs' to avoid re-running this script phase.\necho \"SUCCESS\" > \"${SCRIPT_OUTPUT_FILE_0}\"\n";
			showEnvVarsInLog = 0;
		};
/* End PBXShellScriptBuildPhase section */

/* Begin PBXSourcesBuildPhase section */
		18262D3C2432E68E0027C31D /* Sources */ = {
			isa = PBXSourcesBuildPhase;
			buildActionMask = 2147483647;
			files = (
				18A0781D2438C9D6007A107F /* SearchViewController.swift in Sources */,
				181E868924337D4100C1A52E /* MovieResults.swift in Sources */,
				18262D482432E68E0027C31D /* FeedViewController.swift in Sources */,
				18C75B68245532B800381257 /* MovieModel.swift in Sources */,
				18A0781B2438B469007A107F /* MovieLayout.swift in Sources */,
				799245F8263BF19300F4CC9C /* RootViewController.swift in Sources */,
				18C75B6F2455370600381257 /* MoviesStorageService.swift in Sources */,
				188BB3822453EE34000E1350 /* FavouriteViewController.swift in Sources */,
				18262D592432EE9C0027C31D /* BannerCell.swift in Sources */,
				1864BBD6243771DF000A3C5D /* Networking.swift in Sources */,
				181444AA24387575008061ED /* MovieDetailViewController.swift in Sources */,
				18262D442432E68E0027C31D /* AppDelegate.swift in Sources */,
				18EDFEE32452C478000683C7 /* LinkExtractor.swift in Sources */,
				1864BBDA2437751A000A3C5D /* Constants.swift in Sources */,
				1864BBD824377381000A3C5D /* MovieLoadingType.swift in Sources */,
				18C75B6D245536CE00381257 /* StorageService.swift in Sources */,
				799245F5263BF18400F4CC9C /* RootBuilder.swift in Sources */,
				799245F2263BF17700F4CC9C /* RootInteractor.swift in Sources */,
				18262D5D2432EEB30027C31D /* MovieCell.swift in Sources */,
				799245EF263BF16400F4CC9C /* RootRouter.swift in Sources */,
				18262D462432E68E0027C31D /* SceneDelegate.swift in Sources */,
				18262D602432F1950027C31D /* BannerFlowLayout.swift in Sources */,
				18EDFEE12452C30F000683C7 /* Video.swift in Sources */,
				18100B1D2451D3E800776781 /* VideoCollectionViewCell.swift in Sources */,
				18A078242438CCBA007A107F /* SearchTableViewCell.swift in Sources */,
				18EDFEE62452D3C4000683C7 /* CastCollectionViewCell.swift in Sources */,
				18EE08592434C65E008007AA /* Extension.swift in Sources */,
				18C75B6B2455369600381257 /* DetailMovieModel.swift in Sources */,
				181444A824387473008061ED /* MovieDetails.swift in Sources */,
			);
			runOnlyForDeploymentPostprocessing = 0;
		};
/* End PBXSourcesBuildPhase section */

/* Begin PBXVariantGroup section */
		18262D492432E68E0027C31D /* Main.storyboard */ = {
			isa = PBXVariantGroup;
			children = (
				18262D4A2432E68E0027C31D /* Base */,
			);
			name = Main.storyboard;
			sourceTree = "<group>";
		};
		18262D4E2432E68F0027C31D /* LaunchScreen.storyboard */ = {
			isa = PBXVariantGroup;
			children = (
				18262D4F2432E68F0027C31D /* Base */,
			);
			name = LaunchScreen.storyboard;
			sourceTree = "<group>";
		};
/* End PBXVariantGroup section */

/* Begin XCBuildConfiguration section */
		18262D522432E68F0027C31D /* Debug */ = {
			isa = XCBuildConfiguration;
			buildSettings = {
				ALWAYS_SEARCH_USER_PATHS = NO;
				CLANG_ANALYZER_NONNULL = YES;
				CLANG_ANALYZER_NUMBER_OBJECT_CONVERSION = YES_AGGRESSIVE;
				CLANG_CXX_LANGUAGE_STANDARD = "gnu++14";
				CLANG_CXX_LIBRARY = "libc++";
				CLANG_ENABLE_MODULES = YES;
				CLANG_ENABLE_OBJC_ARC = YES;
				CLANG_ENABLE_OBJC_WEAK = YES;
				CLANG_WARN_BLOCK_CAPTURE_AUTORELEASING = YES;
				CLANG_WARN_BOOL_CONVERSION = YES;
				CLANG_WARN_COMMA = YES;
				CLANG_WARN_CONSTANT_CONVERSION = YES;
				CLANG_WARN_DEPRECATED_OBJC_IMPLEMENTATIONS = YES;
				CLANG_WARN_DIRECT_OBJC_ISA_USAGE = YES_ERROR;
				CLANG_WARN_DOCUMENTATION_COMMENTS = YES;
				CLANG_WARN_EMPTY_BODY = YES;
				CLANG_WARN_ENUM_CONVERSION = YES;
				CLANG_WARN_INFINITE_RECURSION = YES;
				CLANG_WARN_INT_CONVERSION = YES;
				CLANG_WARN_NON_LITERAL_NULL_CONVERSION = YES;
				CLANG_WARN_OBJC_IMPLICIT_RETAIN_SELF = YES;
				CLANG_WARN_OBJC_LITERAL_CONVERSION = YES;
				CLANG_WARN_OBJC_ROOT_CLASS = YES_ERROR;
				CLANG_WARN_RANGE_LOOP_ANALYSIS = YES;
				CLANG_WARN_STRICT_PROTOTYPES = YES;
				CLANG_WARN_SUSPICIOUS_MOVE = YES;
				CLANG_WARN_UNGUARDED_AVAILABILITY = YES_AGGRESSIVE;
				CLANG_WARN_UNREACHABLE_CODE = YES;
				CLANG_WARN__DUPLICATE_METHOD_MATCH = YES;
				COPY_PHASE_STRIP = NO;
				DEBUG_INFORMATION_FORMAT = dwarf;
				ENABLE_STRICT_OBJC_MSGSEND = YES;
				ENABLE_TESTABILITY = YES;
				GCC_C_LANGUAGE_STANDARD = gnu11;
				GCC_DYNAMIC_NO_PIC = NO;
				GCC_NO_COMMON_BLOCKS = YES;
				GCC_OPTIMIZATION_LEVEL = 0;
				GCC_PREPROCESSOR_DEFINITIONS = (
					"DEBUG=1",
					"$(inherited)",
				);
				GCC_WARN_64_TO_32_BIT_CONVERSION = YES;
				GCC_WARN_ABOUT_RETURN_TYPE = YES_ERROR;
				GCC_WARN_UNDECLARED_SELECTOR = YES;
				GCC_WARN_UNINITIALIZED_AUTOS = YES_AGGRESSIVE;
				GCC_WARN_UNUSED_FUNCTION = YES;
				GCC_WARN_UNUSED_VARIABLE = YES;
				IPHONEOS_DEPLOYMENT_TARGET = 13.2;
				MTL_ENABLE_DEBUG_INFO = INCLUDE_SOURCE;
				MTL_FAST_MATH = YES;
				ONLY_ACTIVE_ARCH = YES;
				SDKROOT = iphoneos;
				SWIFT_ACTIVE_COMPILATION_CONDITIONS = DEBUG;
				SWIFT_OPTIMIZATION_LEVEL = "-Onone";
			};
			name = Debug;
		};
		18262D532432E68F0027C31D /* Release */ = {
			isa = XCBuildConfiguration;
			buildSettings = {
				ALWAYS_SEARCH_USER_PATHS = NO;
				CLANG_ANALYZER_NONNULL = YES;
				CLANG_ANALYZER_NUMBER_OBJECT_CONVERSION = YES_AGGRESSIVE;
				CLANG_CXX_LANGUAGE_STANDARD = "gnu++14";
				CLANG_CXX_LIBRARY = "libc++";
				CLANG_ENABLE_MODULES = YES;
				CLANG_ENABLE_OBJC_ARC = YES;
				CLANG_ENABLE_OBJC_WEAK = YES;
				CLANG_WARN_BLOCK_CAPTURE_AUTORELEASING = YES;
				CLANG_WARN_BOOL_CONVERSION = YES;
				CLANG_WARN_COMMA = YES;
				CLANG_WARN_CONSTANT_CONVERSION = YES;
				CLANG_WARN_DEPRECATED_OBJC_IMPLEMENTATIONS = YES;
				CLANG_WARN_DIRECT_OBJC_ISA_USAGE = YES_ERROR;
				CLANG_WARN_DOCUMENTATION_COMMENTS = YES;
				CLANG_WARN_EMPTY_BODY = YES;
				CLANG_WARN_ENUM_CONVERSION = YES;
				CLANG_WARN_INFINITE_RECURSION = YES;
				CLANG_WARN_INT_CONVERSION = YES;
				CLANG_WARN_NON_LITERAL_NULL_CONVERSION = YES;
				CLANG_WARN_OBJC_IMPLICIT_RETAIN_SELF = YES;
				CLANG_WARN_OBJC_LITERAL_CONVERSION = YES;
				CLANG_WARN_OBJC_ROOT_CLASS = YES_ERROR;
				CLANG_WARN_RANGE_LOOP_ANALYSIS = YES;
				CLANG_WARN_STRICT_PROTOTYPES = YES;
				CLANG_WARN_SUSPICIOUS_MOVE = YES;
				CLANG_WARN_UNGUARDED_AVAILABILITY = YES_AGGRESSIVE;
				CLANG_WARN_UNREACHABLE_CODE = YES;
				CLANG_WARN__DUPLICATE_METHOD_MATCH = YES;
				COPY_PHASE_STRIP = NO;
				DEBUG_INFORMATION_FORMAT = "dwarf-with-dsym";
				ENABLE_NS_ASSERTIONS = NO;
				ENABLE_STRICT_OBJC_MSGSEND = YES;
				GCC_C_LANGUAGE_STANDARD = gnu11;
				GCC_NO_COMMON_BLOCKS = YES;
				GCC_WARN_64_TO_32_BIT_CONVERSION = YES;
				GCC_WARN_ABOUT_RETURN_TYPE = YES_ERROR;
				GCC_WARN_UNDECLARED_SELECTOR = YES;
				GCC_WARN_UNINITIALIZED_AUTOS = YES_AGGRESSIVE;
				GCC_WARN_UNUSED_FUNCTION = YES;
				GCC_WARN_UNUSED_VARIABLE = YES;
				IPHONEOS_DEPLOYMENT_TARGET = 13.2;
				MTL_ENABLE_DEBUG_INFO = NO;
				MTL_FAST_MATH = YES;
				SDKROOT = iphoneos;
				SWIFT_COMPILATION_MODE = wholemodule;
				SWIFT_OPTIMIZATION_LEVEL = "-O";
				VALIDATE_PRODUCT = YES;
			};
			name = Release;
		};
		18262D552432E68F0027C31D /* Debug */ = {
			isa = XCBuildConfiguration;
			baseConfigurationReference = 1F0C74CD804CE5746B2C0555 /* Pods-MovieHolic.debug.xcconfig */;
			buildSettings = {
				ASSETCATALOG_COMPILER_APPICON_NAME = AppIcon;
				CODE_SIGN_STYLE = Automatic;
				DEVELOPMENT_TEAM = M273226BD7;
				INFOPLIST_FILE = MovieHolic/Info.plist;
				LD_RUNPATH_SEARCH_PATHS = (
					"$(inherited)",
					"@executable_path/Frameworks",
				);
				PRODUCT_BUNDLE_IDENTIFIER = com.pmquang.MovieHolic;
				PRODUCT_NAME = "$(TARGET_NAME)";
				SWIFT_VERSION = 5.0;
				TARGETED_DEVICE_FAMILY = 1;
			};
			name = Debug;
		};
		18262D562432E68F0027C31D /* Release */ = {
			isa = XCBuildConfiguration;
			baseConfigurationReference = 7D07D7196BF6238A0DAA1F35 /* Pods-MovieHolic.release.xcconfig */;
			buildSettings = {
				ASSETCATALOG_COMPILER_APPICON_NAME = AppIcon;
				CODE_SIGN_STYLE = Automatic;
				DEVELOPMENT_TEAM = M273226BD7;
				INFOPLIST_FILE = MovieHolic/Info.plist;
				LD_RUNPATH_SEARCH_PATHS = (
					"$(inherited)",
					"@executable_path/Frameworks",
				);
				PRODUCT_BUNDLE_IDENTIFIER = com.pmquang.MovieHolic;
				PRODUCT_NAME = "$(TARGET_NAME)";
				SWIFT_VERSION = 5.0;
				TARGETED_DEVICE_FAMILY = 1;
			};
			name = Release;
		};
/* End XCBuildConfiguration section */

/* Begin XCConfigurationList section */
		18262D3B2432E68E0027C31D /* Build configuration list for PBXProject "MovieHolic" */ = {
			isa = XCConfigurationList;
			buildConfigurations = (
				18262D522432E68F0027C31D /* Debug */,
				18262D532432E68F0027C31D /* Release */,
			);
			defaultConfigurationIsVisible = 0;
			defaultConfigurationName = Release;
		};
		18262D542432E68F0027C31D /* Build configuration list for PBXNativeTarget "MovieHolic" */ = {
			isa = XCConfigurationList;
			buildConfigurations = (
				18262D552432E68F0027C31D /* Debug */,
				18262D562432E68F0027C31D /* Release */,
			);
			defaultConfigurationIsVisible = 0;
			defaultConfigurationName = Release;
		};
/* End XCConfigurationList section */
	};
	rootObject = 18262D382432E68E0027C31D /* Project object */;
}
