PODS:
  - Nuke (8.4.1)
  - Realm (4.4.0):
    - Realm/Headers (= 4.4.0)
  - Realm/Headers (4.4.0)
  - RealmSwift (4.4.0):
    - Realm (= 4.4.0)
  - UICircularProgressRing (6.5.0)
  - YoutubeDirectLinkExtractor (0.3.1)

DEPENDENCIES:
  - Nuke
  - RealmSwift
  - UICircularProgressRing
  - YoutubeDirectLinkExtractor

SPEC REPOS:
  https://github.com/cocoapods/specs.git:
    - Nuke
    - Realm
    - RealmSwift
    - UICircularProgressRing
    - YoutubeDirectLinkExtractor

SPEC CHECKSUMS:
  Nuke: d780e3507a86b86c589ab3cc5cd302d5456f06fb
  Realm: e125f464884cda953ebefe70c671b75b03b81b9b
  RealmSwift: 33656a42bd300959a081fc13347376bc478071af
  UICircularProgressRing: e6852e8f88e296cbbbe2720cccb55241acda6708
  YoutubeDirectLinkExtractor: de7abd36c0e3bb120b9b372f36450fbf9b51c01e

PODFILE CHECKSUM: 4e2f28dcae76b8bac057738588279dfdae447ec6

COCOAPODS: 1.7.5
